
Microsoft Visual Studio Solution File, Format Version 12.00
# Visual Studio Version 17
VisualStudioVersion = 17.8.34601.278
MinimumVisualStudioVersion = 10.0.40219.1
Project("{2150E333-8FDC-42A3-9474-1A3956D46DE8}") = "Services", "Services", "{C1D851CA-DC38-43B4-A791-C92D74AAFFCF}"
EndProject
Project("{2150E333-8FDC-42A3-9474-1A3956D46DE8}") = "Catalog", "Catalog", "{3B23FD64-67C1-4CB5-B720-74A7650C613F}"
EndProject
Project("{9A19103F-16F7-4668-BE54-9A1E7A4F7556}") = "Catalog.API", "Services\Catalog\Catalog.API\Catalog.API.csproj", "{D198C003-E521-4FDC-BC26-988A1C531E47}"
EndProject
Project("{2150E333-8FDC-42A3-9474-1A3956D46DE8}") = "BuildingBlocks", "BuildingBlocks", "{B560E4F7-C9C5-4548-99BF-61456AC5DD3B}"
EndProject
Project("{9A19103F-16F7-4668-BE54-9A1E7A4F7556}") = "BuildingBlocks", "BuildingBlocks\BuildingBlocks\BuildingBlocks.csproj", "{8B30FB3B-EA56-4E59-8320-552E08E9CA85}"
EndProject
Project("{E53339B2-1760-4266-BCC7-CA923CBCF16C}") = "docker-compose", "docker-compose.dcproj", "{99CE5853-7B5E-428C-BFD6-9DB9A0C8B5CC}"
EndProject
Project("{2150E333-8FDC-42A3-9474-1A3956D46DE8}") = "Basket", "Basket", "{77EE8175-6415-4907-9390-F292B2953375}"
EndProject
Project("{9A19103F-16F7-4668-BE54-9A1E7A4F7556}") = "Basket.API", "Services\Basket\Basket.API\Basket.API.csproj", "{2182CAD6-62CB-4734-A1BC-B3F4810D3E09}"
EndProject
Project("{2150E333-8FDC-42A3-9474-1A3956D46DE8}") = "Discount", "Discount", "{4348B3EE-00EA-417F-9663-EFC102479026}"
EndProject
Project("{9A19103F-16F7-4668-BE54-9A1E7A4F7556}") = "Discount.Grpc", "Services\Discount\Discount.Grpc\Discount.Grpc.csproj", "{C362ABA6-06BD-48EA-91FB-4255DDCB93EC}"
EndProject
Project("{2150E333-8FDC-42A3-9474-1A3956D46DE8}") = "Ordering", "Ordering", "{795C00C7-BE0C-4FC5-B17F-EAD75AE84FBD}"
EndProject
Project("{FAE04EC0-301F-11D3-BF4B-00C04F79EFBC}") = "Ordering.API", "Services\Ordering\Ordering.API\Ordering.API.csproj", "{FEB75E9F-599B-46C0-95B3-EB65316A47BB}"
EndProject
Project("{FAE04EC0-301F-11D3-BF4B-00C04F79EFBC}") = "Ordering.Domain", "Services\Ordering\Ordering.Domain\Ordering.Domain.csproj", "{7B9D495D-EF77-4100-B2EB-CF69B7F5EFF4}"
EndProject
Project("{FAE04EC0-301F-11D3-BF4B-00C04F79EFBC}") = "Ordering.Application", "Services\Ordering\Ordering.Application\Ordering.Application.csproj", "{67CE045F-593E-4393-B853-79A00550F917}"
EndProject
Project("{FAE04EC0-301F-11D3-BF4B-00C04F79EFBC}") = "Ordering.Infrastructure", "Services\Ordering\Ordering.Infrastructure\Ordering.Infrastructure.csproj", "{6A1F142D-F09E-4811-83C5-CD5C584048DE}"
EndProject
Global
	GlobalSection(SolutionConfigurationPlatforms) = preSolution
		Debug|Any CPU = Debug|Any CPU
		Release|Any CPU = Release|Any CPU
	EndGlobalSection
	GlobalSection(ProjectConfigurationPlatforms) = postSolution
		{D198C003-E521-4FDC-BC26-988A1C531E47}.Debug|Any CPU.ActiveCfg = Debug|Any CPU
		{D198C003-E521-4FDC-BC26-988A1C531E47}.Debug|Any CPU.Build.0 = Debug|Any CPU
		{D198C003-E521-4FDC-BC26-988A1C531E47}.Release|Any CPU.ActiveCfg = Release|Any CPU
		{D198C003-E521-4FDC-BC26-988A1C531E47}.Release|Any CPU.Build.0 = Release|Any CPU
		{8B30FB3B-EA56-4E59-8320-552E08E9CA85}.Debug|Any CPU.ActiveCfg = Debug|Any CPU
		{8B30FB3B-EA56-4E59-8320-552E08E9CA85}.Debug|Any CPU.Build.0 = Debug|Any CPU
		{8B30FB3B-EA56-4E59-8320-552E08E9CA85}.Release|Any CPU.ActiveCfg = Release|Any CPU
		{8B30FB3B-EA56-4E59-8320-552E08E9CA85}.Release|Any CPU.Build.0 = Release|Any CPU
		{99CE5853-7B5E-428C-BFD6-9DB9A0C8B5CC}.Debug|Any CPU.ActiveCfg = Debug|Any CPU
		{99CE5853-7B5E-428C-BFD6-9DB9A0C8B5CC}.Debug|Any CPU.Build.0 = Debug|Any CPU
		{99CE5853-7B5E-428C-BFD6-9DB9A0C8B5CC}.Release|Any CPU.ActiveCfg = Release|Any CPU
		{99CE5853-7B5E-428C-BFD6-9DB9A0C8B5CC}.Release|Any CPU.Build.0 = Release|Any CPU
		{2182CAD6-62CB-4734-A1BC-B3F4810D3E09}.Debug|Any CPU.ActiveCfg = Debug|Any CPU
		{2182CAD6-62CB-4734-A1BC-B3F4810D3E09}.Debug|Any CPU.Build.0 = Debug|Any CPU
		{2182CAD6-62CB-4734-A1BC-B3F4810D3E09}.Release|Any CPU.ActiveCfg = Release|Any CPU
		{2182CAD6-62CB-4734-A1BC-B3F4810D3E09}.Release|Any CPU.Build.0 = Release|Any CPU
		{C362ABA6-06BD-48EA-91FB-4255DDCB93EC}.Debug|Any CPU.ActiveCfg = Debug|Any CPU
		{C362ABA6-06BD-48EA-91FB-4255DDCB93EC}.Debug|Any CPU.Build.0 = Debug|Any CPU
		{C362ABA6-06BD-48EA-91FB-4255DDCB93EC}.Release|Any CPU.ActiveCfg = Release|Any CPU
		{C362ABA6-06BD-48EA-91FB-4255DDCB93EC}.Release|Any CPU.Build.0 = Release|Any CPU
		{FEB75E9F-599B-46C0-95B3-EB65316A47BB}.Debug|Any CPU.ActiveCfg = Debug|Any CPU
		{FEB75E9F-599B-46C0-95B3-EB65316A47BB}.Debug|Any CPU.Build.0 = Debug|Any CPU
		{FEB75E9F-599B-46C0-95B3-EB65316A47BB}.Release|Any CPU.ActiveCfg = Release|Any CPU
		{FEB75E9F-599B-46C0-95B3-EB65316A47BB}.Release|Any CPU.Build.0 = Release|Any CPU
		{7B9D495D-EF77-4100-B2EB-CF69B7F5EFF4}.Debug|Any CPU.ActiveCfg = Debug|Any CPU
		{7B9D495D-EF77-4100-B2EB-CF69B7F5EFF4}.Debug|Any CPU.Build.0 = Debug|Any CPU
		{7B9D495D-EF77-4100-B2EB-CF69B7F5EFF4}.Release|Any CPU.ActiveCfg = Release|Any CPU
		{7B9D495D-EF77-4100-B2EB-CF69B7F5EFF4}.Release|Any CPU.Build.0 = Release|Any CPU
		{67CE045F-593E-4393-B853-79A00550F917}.Debug|Any CPU.ActiveCfg = Debug|Any CPU
		{67CE045F-593E-4393-B853-79A00550F917}.Debug|Any CPU.Build.0 = Debug|Any CPU
		{67CE045F-593E-4393-B853-79A00550F917}.Release|Any CPU.ActiveCfg = Release|Any CPU
		{67CE045F-593E-4393-B853-79A00550F917}.Release|Any CPU.Build.0 = Release|Any CPU
		{6A1F142D-F09E-4811-83C5-CD5C584048DE}.Debug|Any CPU.ActiveCfg = Debug|Any CPU
		{6A1F142D-F09E-4811-83C5-CD5C584048DE}.Debug|Any CPU.Build.0 = Debug|Any CPU
		{6A1F142D-F09E-4811-83C5-CD5C584048DE}.Release|Any CPU.ActiveCfg = Release|Any CPU
		{6A1F142D-F09E-4811-83C5-CD5C584048DE}.Release|Any CPU.Build.0 = Release|Any CPU
	EndGlobalSection
	GlobalSection(SolutionProperties) = preSolution
		HideSolutionNode = FALSE
	EndGlobalSection
	GlobalSection(NestedProjects) = preSolution
		{3B23FD64-67C1-4CB5-B720-74A7650C613F} = {C1D851CA-DC38-43B4-A791-C92D74AAFFCF}
		{D198C003-E521-4FDC-BC26-988A1C531E47} = {3B23FD64-67C1-4CB5-B720-74A7650C613F}
		{8B30FB3B-EA56-4E59-8320-552E08E9CA85} = {B560E4F7-C9C5-4548-99BF-61456AC5DD3B}
		{77EE8175-6415-4907-9390-F292B2953375} = {C1D851CA-DC38-43B4-A791-C92D74AAFFCF}
		{2182CAD6-62CB-4734-A1BC-B3F4810D3E09} = {77EE8175-6415-4907-9390-F292B2953375}
		{4348B3EE-00EA-417F-9663-EFC102479026} = {C1D851CA-DC38-43B4-A791-C92D74AAFFCF}
		{C362ABA6-06BD-48EA-91FB-4255DDCB93EC} = {4348B3EE-00EA-417F-9663-EFC102479026}
		{795C00C7-BE0C-4FC5-B17F-EAD75AE84FBD} = {C1D851CA-DC38-43B4-A791-C92D74AAFFCF}
		{FEB75E9F-599B-46C0-95B3-EB65316A47BB} = {795C00C7-BE0C-4FC5-B17F-EAD75AE84FBD}
		{7B9D495D-EF77-4100-B2EB-CF69B7F5EFF4} = {795C00C7-BE0C-4FC5-B17F-EAD75AE84FBD}
		{67CE045F-593E-4393-B853-79A00550F917} = {795C00C7-BE0C-4FC5-B17F-EAD75AE84FBD}
		{6A1F142D-F09E-4811-83C5-CD5C584048DE} = {795C00C7-BE0C-4FC5-B17F-EAD75AE84FBD}
	EndGlobalSection
	GlobalSection(ExtensibilityGlobals) = postSolution
		SolutionGuid = {967DD941-5DBF-4EAD-958E-342116021ED8}
	EndGlobalSection
EndGlobal
